
Microsoft Visual Studio Solution File, Format Version 12.00
# Visual Studio Version 17
VisualStudioVersion = 17.13.35919.96 d17.13
MinimumVisualStudioVersion = 10.0.40219.1
Project("{FAE04EC0-301F-11D3-BF4B-00C04F79EFBC}") = "API", "API.csproj", "{5D9247C2-B334-4AB1-9049-555306DADD6D}"
EndProject
Project("{FAE04EC0-301F-11D3-BF4B-00C04F79EFBC}") = "Domain", "..\Domain\Domain.csproj", "{996EE4C3-B42F-4E2B-AAC1-DF3CDA7EC817}"
EndProject
Project("{FAE04EC0-301F-11D3-BF4B-00C04F79EFBC}") = "DataAcces.EFCore", "..\DataAcces.EFCore\DataAcces.EFCore.csproj", "{87AAC439-B0A3-416E-8AA7-B36B45D610DC}"
EndProject
Global
	GlobalSection(SolutionConfigurationPlatforms) = preSolution
		Debug|Any CPU = Debug|Any CPU
		Release|Any CPU = Release|Any CPU
	EndGlobalSection
	GlobalSection(ProjectConfigurationPlatforms) = postSolution
		{5D9247C2-B334-4AB1-9049-555306DADD6D}.Debug|Any CPU.ActiveCfg = Debug|Any CPU
		{5D9247C2-B334-4AB1-9049-555306DADD6D}.Debug|Any CPU.Build.0 = Debug|Any CPU
		{5D9247C2-B334-4AB1-9049-555306DADD6D}.Release|Any CPU.ActiveCfg = Release|Any CPU
		{5D9247C2-B334-4AB1-9049-555306DADD6D}.Release|Any CPU.Build.0 = Release|Any CPU
		{996EE4C3-B42F-4E2B-AAC1-DF3CDA7EC817}.Debug|Any CPU.ActiveCfg = Debug|Any CPU
		{996EE4C3-B42F-4E2B-AAC1-DF3CDA7EC817}.Debug|Any CPU.Build.0 = Debug|Any CPU
		{996EE4C3-B42F-4E2B-AAC1-DF3CDA7EC817}.Release|Any CPU.ActiveCfg = Release|Any CPU
		{996EE4C3-B42F-4E2B-AAC1-DF3CDA7EC817}.Release|Any CPU.Build.0 = Release|Any CPU
		{87AAC439-B0A3-416E-8AA7-B36B45D610DC}.Debug|Any CPU.ActiveCfg = Debug|Any CPU
		{87AAC439-B0A3-416E-8AA7-B36B45D610DC}.Debug|Any CPU.Build.0 = Debug|Any CPU
		{87AAC439-B0A3-416E-8AA7-B36B45D610DC}.Release|Any CPU.ActiveCfg = Release|Any CPU
		{87AAC439-B0A3-416E-8AA7-B36B45D610DC}.Release|Any CPU.Build.0 = Release|Any CPU
	EndGlobalSection
	GlobalSection(SolutionProperties) = preSolution
		HideSolutionNode = FALSE
	EndGlobalSection
	GlobalSection(ExtensibilityGlobals) = postSolution
		SolutionGuid = {633AA07F-BCB2-468E-B35F-AF715F844C3F}
	EndGlobalSection
EndGlobal
